
Microsoft Visual Studio Solution File, Format Version 12.00
# Visual Studio 15
VisualStudioVersion = 15.0.26430.12
MinimumVisualStudioVersion = 10.0.40219.1
Project("{FAE04EC0-301F-11D3-BF4B-00C04F79EFBC}") = "ExemplodeVetoresMatrizes", "ExemplodeVetoresMatrizes\ExemplodeVetoresMatrizes.csproj", "{A620C3BB-5E94-463E-83A8-CC95076A0D18}"
EndProject
Global
	GlobalSection(SolutionConfigurationPlatforms) = preSolution
		Debug|Any CPU = Debug|Any CPU
		Release|Any CPU = Release|Any CPU
	EndGlobalSection
	GlobalSection(ProjectConfigurationPlatforms) = postSolution
		{A620C3BB-5E94-463E-83A8-CC95076A0D18}.Debug|Any CPU.ActiveCfg = Debug|Any CPU
		{A620C3BB-5E94-463E-83A8-CC95076A0D18}.Debug|Any CPU.Build.0 = Debug|Any CPU
		{A620C3BB-5E94-463E-83A8-CC95076A0D18}.Release|Any CPU.ActiveCfg = Release|Any CPU
		{A620C3BB-5E94-463E-83A8-CC95076A0D18}.Release|Any CPU.Build.0 = Release|Any CPU
	EndGlobalSection
	GlobalSection(SolutionProperties) = preSolution
		HideSolutionNode = FALSE
	EndGlobalSection
EndGlobal
